// !$*UTF8*$!
{
	archiveVersion = 1;
	classes = {
	};
	objectVersion = 56;
	objects = {

/* Begin PBXBuildFile section */
		AE02196C2B0A7906004C8ACD /* ThreadsTabView.swift in Sources */ = {isa = PBXBuildFile; fileRef = AE02196B2B0A7906004C8ACD /* ThreadsTabView.swift */; };
		AE0219702B0A7B33004C8ACD /* FeedView.swift in Sources */ = {isa = PBXBuildFile; fileRef = AE02196F2B0A7B33004C8ACD /* FeedView.swift */; };
		AE0219742B0A7B8D004C8ACD /* ExploreView.swift in Sources */ = {isa = PBXBuildFile; fileRef = AE0219732B0A7B8D004C8ACD /* ExploreView.swift */; };
		AE0219782B0A7BBE004C8ACD /* CreateThreadView.swift in Sources */ = {isa = PBXBuildFile; fileRef = AE0219772B0A7BBE004C8ACD /* CreateThreadView.swift */; };
		AE02197C2B0A7BE4004C8ACD /* ActivityView.swift in Sources */ = {isa = PBXBuildFile; fileRef = AE02197B2B0A7BE4004C8ACD /* ActivityView.swift */; };
		AE0219802B0A7BFE004C8ACD /* ProfileView.swift in Sources */ = {isa = PBXBuildFile; fileRef = AE02197F2B0A7BFE004C8ACD /* ProfileView.swift */; };
		AE0219822B0A7D35004C8ACD /* ThreadCell.swift in Sources */ = {isa = PBXBuildFile; fileRef = AE0219812B0A7D35004C8ACD /* ThreadCell.swift */; };
		AE0219852B0A8C56004C8ACD /* CircularProfileImageView.swift in Sources */ = {isa = PBXBuildFile; fileRef = AE0219842B0A8C56004C8ACD /* CircularProfileImageView.swift */; };
		AE0219872B0A8D0E004C8ACD /* UserCell.swift in Sources */ = {isa = PBXBuildFile; fileRef = AE0219862B0A8D0E004C8ACD /* UserCell.swift */; };
		AE7FBB532B01607700F238E8 /* ThreadsCloneAppApp.swift in Sources */ = {isa = PBXBuildFile; fileRef = AE7FBB522B01607700F238E8 /* ThreadsCloneAppApp.swift */; };
		AE7FBB552B01607700F238E8 /* ContentView.swift in Sources */ = {isa = PBXBuildFile; fileRef = AE7FBB542B01607700F238E8 /* ContentView.swift */; };
		AE7FBB572B01607A00F238E8 /* Assets.xcassets in Resources */ = {isa = PBXBuildFile; fileRef = AE7FBB562B01607A00F238E8 /* Assets.xcassets */; };
		AE7FBB5A2B01607A00F238E8 /* Preview Assets.xcassets in Resources */ = {isa = PBXBuildFile; fileRef = AE7FBB592B01607A00F238E8 /* Preview Assets.xcassets */; };
		AEAC23942B0BE938002E3980 /* ProfileThreadFilter.swift in Sources */ = {isa = PBXBuildFile; fileRef = AEAC23932B0BE938002E3980 /* ProfileThreadFilter.swift */; };
		AEAC23982B0C01DB002E3980 /* EditProfileView.swift in Sources */ = {isa = PBXBuildFile; fileRef = AEAC23972B0C01DB002E3980 /* EditProfileView.swift */; };
		AEF551982B0161A70056A462 /* LoginView.swift in Sources */ = {isa = PBXBuildFile; fileRef = AEF551972B0161A70056A462 /* LoginView.swift */; };
		AEF5519A2B016A0E0056A462 /* RegistrationView.swift in Sources */ = {isa = PBXBuildFile; fileRef = AEF551992B016A0E0056A462 /* RegistrationView.swift */; };
		AEF5519D2B016BDD0056A462 /* ThreadsTextFieldModifier.swift in Sources */ = {isa = PBXBuildFile; fileRef = AEF5519C2B016BDD0056A462 /* ThreadsTextFieldModifier.swift */; };
/* End PBXBuildFile section */

/* Begin PBXFileReference section */
		AE02196B2B0A7906004C8ACD /* ThreadsTabView.swift */ = {isa = PBXFileReference; lastKnownFileType = sourcecode.swift; path = ThreadsTabView.swift; sourceTree = "<group>"; };
		AE02196F2B0A7B33004C8ACD /* FeedView.swift */ = {isa = PBXFileReference; lastKnownFileType = sourcecode.swift; path = FeedView.swift; sourceTree = "<group>"; };
		AE0219732B0A7B8D004C8ACD /* ExploreView.swift */ = {isa = PBXFileReference; lastKnownFileType = sourcecode.swift; path = ExploreView.swift; sourceTree = "<group>"; };
		AE0219772B0A7BBE004C8ACD /* CreateThreadView.swift */ = {isa = PBXFileReference; lastKnownFileType = sourcecode.swift; path = CreateThreadView.swift; sourceTree = "<group>"; };
		AE02197B2B0A7BE4004C8ACD /* ActivityView.swift */ = {isa = PBXFileReference; lastKnownFileType = sourcecode.swift; path = ActivityView.swift; sourceTree = "<group>"; };
		AE02197F2B0A7BFE004C8ACD /* ProfileView.swift */ = {isa = PBXFileReference; lastKnownFileType = sourcecode.swift; path = ProfileView.swift; sourceTree = "<group>"; };
		AE0219812B0A7D35004C8ACD /* ThreadCell.swift */ = {isa = PBXFileReference; lastKnownFileType = sourcecode.swift; path = ThreadCell.swift; sourceTree = "<group>"; };
		AE0219842B0A8C56004C8ACD /* CircularProfileImageView.swift */ = {isa = PBXFileReference; lastKnownFileType = sourcecode.swift; path = CircularProfileImageView.swift; sourceTree = "<group>"; };
		AE0219862B0A8D0E004C8ACD /* UserCell.swift */ = {isa = PBXFileReference; lastKnownFileType = sourcecode.swift; path = UserCell.swift; sourceTree = "<group>"; };
		AE7FBB4F2B01607700F238E8 /* ThreadsCloneApp.app */ = {isa = PBXFileReference; explicitFileType = wrapper.application; includeInIndex = 0; path = ThreadsCloneApp.app; sourceTree = BUILT_PRODUCTS_DIR; };
		AE7FBB522B01607700F238E8 /* ThreadsCloneAppApp.swift */ = {isa = PBXFileReference; lastKnownFileType = sourcecode.swift; path = ThreadsCloneAppApp.swift; sourceTree = "<group>"; };
		AE7FBB542B01607700F238E8 /* ContentView.swift */ = {isa = PBXFileReference; lastKnownFileType = sourcecode.swift; path = ContentView.swift; sourceTree = "<group>"; };
		AE7FBB562B01607A00F238E8 /* Assets.xcassets */ = {isa = PBXFileReference; lastKnownFileType = folder.assetcatalog; path = Assets.xcassets; sourceTree = "<group>"; };
		AE7FBB592B01607A00F238E8 /* Preview Assets.xcassets */ = {isa = PBXFileReference; lastKnownFileType = folder.assetcatalog; path = "Preview Assets.xcassets"; sourceTree = "<group>"; };
		AEAC23932B0BE938002E3980 /* ProfileThreadFilter.swift */ = {isa = PBXFileReference; lastKnownFileType = sourcecode.swift; path = ProfileThreadFilter.swift; sourceTree = "<group>"; };
		AEAC23972B0C01DB002E3980 /* EditProfileView.swift */ = {isa = PBXFileReference; lastKnownFileType = sourcecode.swift; path = EditProfileView.swift; sourceTree = "<group>"; };
		AEF551972B0161A70056A462 /* LoginView.swift */ = {isa = PBXFileReference; lastKnownFileType = sourcecode.swift; path = LoginView.swift; sourceTree = "<group>"; };
		AEF551992B016A0E0056A462 /* RegistrationView.swift */ = {isa = PBXFileReference; lastKnownFileType = sourcecode.swift; path = RegistrationView.swift; sourceTree = "<group>"; };
		AEF5519C2B016BDD0056A462 /* ThreadsTextFieldModifier.swift */ = {isa = PBXFileReference; lastKnownFileType = sourcecode.swift; path = ThreadsTextFieldModifier.swift; sourceTree = "<group>"; };
/* End PBXFileReference section */

/* Begin PBXFrameworksBuildPhase section */
		AE7FBB4C2B01607700F238E8 /* Frameworks */ = {
			isa = PBXFrameworksBuildPhase;
			buildActionMask = 2147483647;
			files = (
			);
			runOnlyForDeploymentPostprocessing = 0;
		};
/* End PBXFrameworksBuildPhase section */

/* Begin PBXGroup section */
		AE02196A2B0A78E8004C8ACD /* TabBar */ = {
			isa = PBXGroup;
			children = (
				AE02196B2B0A7906004C8ACD /* ThreadsTabView.swift */,
			);
			path = TabBar;
			sourceTree = "<group>";
		};
		AE02196D2B0A7B24004C8ACD /* Feed */ = {
			isa = PBXGroup;
			children = (
				AE02196E2B0A7B29004C8ACD /* View */,
			);
			path = Feed;
			sourceTree = "<group>";
		};
		AE02196E2B0A7B29004C8ACD /* View */ = {
			isa = PBXGroup;
			children = (
				AE02196F2B0A7B33004C8ACD /* FeedView.swift */,
				AE0219812B0A7D35004C8ACD /* ThreadCell.swift */,
			);
			path = View;
			sourceTree = "<group>";
		};
		AE0219712B0A7B7D004C8ACD /* Explore */ = {
			isa = PBXGroup;
			children = (
				AE0219722B0A7B83004C8ACD /* View */,
			);
			path = Explore;
			sourceTree = "<group>";
		};
		AE0219722B0A7B83004C8ACD /* View */ = {
			isa = PBXGroup;
			children = (
				AE0219732B0A7B8D004C8ACD /* ExploreView.swift */,
			);
			path = View;
			sourceTree = "<group>";
		};
		AE0219752B0A7BA1004C8ACD /* ThreadCreation */ = {
			isa = PBXGroup;
			children = (
				AE0219762B0A7BAF004C8ACD /* View */,
			);
			path = ThreadCreation;
			sourceTree = "<group>";
		};
		AE0219762B0A7BAF004C8ACD /* View */ = {
			isa = PBXGroup;
			children = (
				AE0219772B0A7BBE004C8ACD /* CreateThreadView.swift */,
			);
			path = View;
			sourceTree = "<group>";
		};
		AE0219792B0A7BD4004C8ACD /* Activity */ = {
			isa = PBXGroup;
			children = (
				AE02197A2B0A7BDC004C8ACD /* View */,
			);
			path = Activity;
			sourceTree = "<group>";
		};
		AE02197A2B0A7BDC004C8ACD /* View */ = {
			isa = PBXGroup;
			children = (
				AE02197B2B0A7BE4004C8ACD /* ActivityView.swift */,
			);
			path = View;
			sourceTree = "<group>";
		};
		AE02197D2B0A7BEF004C8ACD /* Profile */ = {
			isa = PBXGroup;
			children = (
				AEAC23952B0C01BF002E3980 /* EditProfile */,
				AEAC23922B0BE929002E3980 /* Model */,
				AE02197E2B0A7BF5004C8ACD /* View */,
			);
			path = Profile;
			sourceTree = "<group>";
		};
		AE02197E2B0A7BF5004C8ACD /* View */ = {
			isa = PBXGroup;
			children = (
				AE02197F2B0A7BFE004C8ACD /* ProfileView.swift */,
			);
			path = View;
			sourceTree = "<group>";
		};
		AE0219832B0A8C39004C8ACD /* Components */ = {
			isa = PBXGroup;
			children = (
				AE0219842B0A8C56004C8ACD /* CircularProfileImageView.swift */,
				AE0219862B0A8D0E004C8ACD /* UserCell.swift */,
			);
			path = Components;
			sourceTree = "<group>";
		};
		AE7FBB462B01607700F238E8 = {
			isa = PBXGroup;
			children = (
				AE7FBB512B01607700F238E8 /* ThreadsCloneApp */,
				AE7FBB502B01607700F238E8 /* Products */,
			);
			sourceTree = "<group>";
		};
		AE7FBB502B01607700F238E8 /* Products */ = {
			isa = PBXGroup;
			children = (
				AE7FBB4F2B01607700F238E8 /* ThreadsCloneApp.app */,
			);
			name = Products;
			sourceTree = "<group>";
		};
		AE7FBB512B01607700F238E8 /* ThreadsCloneApp */ = {
			isa = PBXGroup;
			children = (
				AEF551922B01612A0056A462 /* App */,
				AEF551912B0161280056A462 /* Core */,
				AEF551902B0161200056A462 /* Extensions */,
				AEF5518F2B01611B0056A462 /* Models */,
				AE7FBB602B0160CC00F238E8 /* Services */,
				AEF551932B01615A0056A462 /* Utils */,
				AE7FBB562B01607A00F238E8 /* Assets.xcassets */,
				AE7FBB582B01607A00F238E8 /* Preview Content */,
			);
			path = ThreadsCloneApp;
			sourceTree = "<group>";
		};
		AE7FBB582B01607A00F238E8 /* Preview Content */ = {
			isa = PBXGroup;
			children = (
				AE7FBB592B01607A00F238E8 /* Preview Assets.xcassets */,
			);
			path = "Preview Content";
			sourceTree = "<group>";
		};
		AE7FBB602B0160CC00F238E8 /* Services */ = {
			isa = PBXGroup;
			children = (
			);
			path = Services;
			sourceTree = "<group>";
		};
		AEAC23922B0BE929002E3980 /* Model */ = {
			isa = PBXGroup;
			children = (
				AEAC23932B0BE938002E3980 /* ProfileThreadFilter.swift */,
			);
			path = Model;
			sourceTree = "<group>";
		};
		AEAC23952B0C01BF002E3980 /* EditProfile */ = {
			isa = PBXGroup;
			children = (
				AEAC23962B0C01CE002E3980 /* View */,
			);
			path = EditProfile;
			sourceTree = "<group>";
		};
		AEAC23962B0C01CE002E3980 /* View */ = {
			isa = PBXGroup;
			children = (
				AEAC23972B0C01DB002E3980 /* EditProfileView.swift */,
			);
			path = View;
			sourceTree = "<group>";
		};
		AEF5518F2B01611B0056A462 /* Models */ = {
			isa = PBXGroup;
			children = (
			);
			path = Models;
			sourceTree = "<group>";
		};
		AEF551902B0161200056A462 /* Extensions */ = {
			isa = PBXGroup;
			children = (
			);
			path = Extensions;
			sourceTree = "<group>";
		};
		AEF551912B0161280056A462 /* Core */ = {
			isa = PBXGroup;
			children = (
				AEF551942B0161790056A462 /* Authentication */,
				AE0219792B0A7BD4004C8ACD /* Activity */,
				AE0219832B0A8C39004C8ACD /* Components */,
				AE0219712B0A7B7D004C8ACD /* Explore */,
				AE02196D2B0A7B24004C8ACD /* Feed */,
				AE02197D2B0A7BEF004C8ACD /* Profile */,
				AE0219752B0A7BA1004C8ACD /* ThreadCreation */,
				AEF551952B0161830056A462 /* Root */,
				AE02196A2B0A78E8004C8ACD /* TabBar */,
			);
			path = Core;
			sourceTree = "<group>";
		};
		AEF551922B01612A0056A462 /* App */ = {
			isa = PBXGroup;
			children = (
				AE7FBB522B01607700F238E8 /* ThreadsCloneAppApp.swift */,
			);
			path = App;
			sourceTree = "<group>";
		};
		AEF551932B01615A0056A462 /* Utils */ = {
			isa = PBXGroup;
			children = (
				AEF5519B2B016BC60056A462 /* ViewModifiers */,
			);
			path = Utils;
			sourceTree = "<group>";
		};
		AEF551942B0161790056A462 /* Authentication */ = {
			isa = PBXGroup;
			children = (
				AEF551962B01619A0056A462 /* Views */,
			);
			path = Authentication;
			sourceTree = "<group>";
		};
		AEF551952B0161830056A462 /* Root */ = {
			isa = PBXGroup;
			children = (
				AE7FBB542B01607700F238E8 /* ContentView.swift */,
			);
			path = Root;
			sourceTree = "<group>";
		};
		AEF551962B01619A0056A462 /* Views */ = {
			isa = PBXGroup;
			children = (
				AEF551972B0161A70056A462 /* LoginView.swift */,
				AEF551992B016A0E0056A462 /* RegistrationView.swift */,
			);
			path = Views;
			sourceTree = "<group>";
		};
		AEF5519B2B016BC60056A462 /* ViewModifiers */ = {
			isa = PBXGroup;
			children = (
				AEF5519C2B016BDD0056A462 /* ThreadsTextFieldModifier.swift */,
			);
			path = ViewModifiers;
			sourceTree = "<group>";
		};
/* End PBXGroup section */

/* Begin PBXNativeTarget section */
		AE7FBB4E2B01607700F238E8 /* ThreadsCloneApp */ = {
			isa = PBXNativeTarget;
			buildConfigurationList = AE7FBB5D2B01607A00F238E8 /* Build configuration list for PBXNativeTarget "ThreadsCloneApp" */;
			buildPhases = (
				AE7FBB4B2B01607700F238E8 /* Sources */,
				AE7FBB4C2B01607700F238E8 /* Frameworks */,
				AE7FBB4D2B01607700F238E8 /* Resources */,
			);
			buildRules = (
			);
			dependencies = (
			);
			name = ThreadsCloneApp;
			productName = ThreadsCloneApp;
			productReference = AE7FBB4F2B01607700F238E8 /* ThreadsCloneApp.app */;
			productType = "com.apple.product-type.application";
		};
/* End PBXNativeTarget section */

/* Begin PBXProject section */
		AE7FBB472B01607700F238E8 /* Project object */ = {
			isa = PBXProject;
			attributes = {
				BuildIndependentTargetsInParallel = 1;
				LastSwiftUpdateCheck = 1500;
				LastUpgradeCheck = 1500;
				TargetAttributes = {
					AE7FBB4E2B01607700F238E8 = {
						CreatedOnToolsVersion = 15.0.1;
					};
				};
			};
			buildConfigurationList = AE7FBB4A2B01607700F238E8 /* Build configuration list for PBXProject "ThreadsCloneApp" */;
			compatibilityVersion = "Xcode 14.0";
			developmentRegion = en;
			hasScannedForEncodings = 0;
			knownRegions = (
				en,
				Base,
			);
			mainGroup = AE7FBB462B01607700F238E8;
			productRefGroup = AE7FBB502B01607700F238E8 /* Products */;
			projectDirPath = "";
			projectRoot = "";
			targets = (
				AE7FBB4E2B01607700F238E8 /* ThreadsCloneApp */,
			);
		};
/* End PBXProject section */

/* Begin PBXResourcesBuildPhase section */
		AE7FBB4D2B01607700F238E8 /* Resources */ = {
			isa = PBXResourcesBuildPhase;
			buildActionMask = 2147483647;
			files = (
				AE7FBB5A2B01607A00F238E8 /* Preview Assets.xcassets in Resources */,
				AE7FBB572B01607A00F238E8 /* Assets.xcassets in Resources */,
			);
			runOnlyForDeploymentPostprocessing = 0;
		};
/* End PBXResourcesBuildPhase section */

/* Begin PBXSourcesBuildPhase section */
		AE7FBB4B2B01607700F238E8 /* Sources */ = {
			isa = PBXSourcesBuildPhase;
			buildActionMask = 2147483647;
			files = (
				AE0219702B0A7B33004C8ACD /* FeedView.swift in Sources */,
				AEF551982B0161A70056A462 /* LoginView.swift in Sources */,
				AEAC23982B0C01DB002E3980 /* EditProfileView.swift in Sources */,
				AE7FBB552B01607700F238E8 /* ContentView.swift in Sources */,
				AE0219822B0A7D35004C8ACD /* ThreadCell.swift in Sources */,
				AE02197C2B0A7BE4004C8ACD /* ActivityView.swift in Sources */,
				AE0219852B0A8C56004C8ACD /* CircularProfileImageView.swift in Sources */,
				AE0219872B0A8D0E004C8ACD /* UserCell.swift in Sources */,
				AE0219782B0A7BBE004C8ACD /* CreateThreadView.swift in Sources */,
				AEAC23942B0BE938002E3980 /* ProfileThreadFilter.swift in Sources */,
				AE02196C2B0A7906004C8ACD /* ThreadsTabView.swift in Sources */,
				AEF5519D2B016BDD0056A462 /* ThreadsTextFieldModifier.swift in Sources */,
				AE7FBB532B01607700F238E8 /* ThreadsCloneAppApp.swift in Sources */,
				AE0219742B0A7B8D004C8ACD /* ExploreView.swift in Sources */,
				AE0219802B0A7BFE004C8ACD /* ProfileView.swift in Sources */,
				AEF5519A2B016A0E0056A462 /* RegistrationView.swift in Sources */,
			);
			runOnlyForDeploymentPostprocessing = 0;
		};
/* End PBXSourcesBuildPhase section */

/* Begin XCBuildConfiguration section */
		AE7FBB5B2B01607A00F238E8 /* Debug */ = {
			isa = XCBuildConfiguration;
			buildSettings = {
				ALWAYS_SEARCH_USER_PATHS = NO;
				ASSETCATALOG_COMPILER_GENERATE_SWIFT_ASSET_SYMBOL_EXTENSIONS = YES;
				CLANG_ANALYZER_NONNULL = YES;
				CLANG_ANALYZER_NUMBER_OBJECT_CONVERSION = YES_AGGRESSIVE;
				CLANG_CXX_LANGUAGE_STANDARD = "gnu++20";
				CLANG_ENABLE_MODULES = YES;
				CLANG_ENABLE_OBJC_ARC = YES;
				CLANG_ENABLE_OBJC_WEAK = YES;
				CLANG_WARN_BLOCK_CAPTURE_AUTORELEASING = YES;
				CLANG_WARN_BOOL_CONVERSION = YES;
				CLANG_WARN_COMMA = YES;
				CLANG_WARN_CONSTANT_CONVERSION = YES;
				CLANG_WARN_DEPRECATED_OBJC_IMPLEMENTATIONS = YES;
				CLANG_WARN_DIRECT_OBJC_ISA_USAGE = YES_ERROR;
				CLANG_WARN_DOCUMENTATION_COMMENTS = YES;
				CLANG_WARN_EMPTY_BODY = YES;
				CLANG_WARN_ENUM_CONVERSION = YES;
				CLANG_WARN_INFINITE_RECURSION = YES;
				CLANG_WARN_INT_CONVERSION = YES;
				CLANG_WARN_NON_LITERAL_NULL_CONVERSION = YES;
				CLANG_WARN_OBJC_IMPLICIT_RETAIN_SELF = YES;
				CLANG_WARN_OBJC_LITERAL_CONVERSION = YES;
				CLANG_WARN_OBJC_ROOT_CLASS = YES_ERROR;
				CLANG_WARN_QUOTED_INCLUDE_IN_FRAMEWORK_HEADER = YES;
				CLANG_WARN_RANGE_LOOP_ANALYSIS = YES;
				CLANG_WARN_STRICT_PROTOTYPES = YES;
				CLANG_WARN_SUSPICIOUS_MOVE = YES;
				CLANG_WARN_UNGUARDED_AVAILABILITY = YES_AGGRESSIVE;
				CLANG_WARN_UNREACHABLE_CODE = YES;
				CLANG_WARN__DUPLICATE_METHOD_MATCH = YES;
				COPY_PHASE_STRIP = NO;
				DEBUG_INFORMATION_FORMAT = dwarf;
				ENABLE_STRICT_OBJC_MSGSEND = YES;
				ENABLE_TESTABILITY = YES;
				ENABLE_USER_SCRIPT_SANDBOXING = YES;
				GCC_C_LANGUAGE_STANDARD = gnu17;
				GCC_DYNAMIC_NO_PIC = NO;
				GCC_NO_COMMON_BLOCKS = YES;
				GCC_OPTIMIZATION_LEVEL = 0;
				GCC_PREPROCESSOR_DEFINITIONS = (
					"DEBUG=1",
					"$(inherited)",
				);
				GCC_WARN_64_TO_32_BIT_CONVERSION = YES;
				GCC_WARN_ABOUT_RETURN_TYPE = YES_ERROR;
				GCC_WARN_UNDECLARED_SELECTOR = YES;
				GCC_WARN_UNINITIALIZED_AUTOS = YES_AGGRESSIVE;
				GCC_WARN_UNUSED_FUNCTION = YES;
				GCC_WARN_UNUSED_VARIABLE = YES;
				IPHONEOS_DEPLOYMENT_TARGET = 17.0;
				LOCALIZATION_PREFERS_STRING_CATALOGS = YES;
				MTL_ENABLE_DEBUG_INFO = INCLUDE_SOURCE;
				MTL_FAST_MATH = YES;
				ONLY_ACTIVE_ARCH = YES;
				SDKROOT = iphoneos;
				SWIFT_ACTIVE_COMPILATION_CONDITIONS = "DEBUG $(inherited)";
				SWIFT_OPTIMIZATION_LEVEL = "-Onone";
			};
			name = Debug;
		};
		AE7FBB5C2B01607A00F238E8 /* Release */ = {
			isa = XCBuildConfiguration;
			buildSettings = {
				ALWAYS_SEARCH_USER_PATHS = NO;
				ASSETCATALOG_COMPILER_GENERATE_SWIFT_ASSET_SYMBOL_EXTENSIONS = YES;
				CLANG_ANALYZER_NONNULL = YES;
				CLANG_ANALYZER_NUMBER_OBJECT_CONVERSION = YES_AGGRESSIVE;
				CLANG_CXX_LANGUAGE_STANDARD = "gnu++20";
				CLANG_ENABLE_MODULES = YES;
				CLANG_ENABLE_OBJC_ARC = YES;
				CLANG_ENABLE_OBJC_WEAK = YES;
				CLANG_WARN_BLOCK_CAPTURE_AUTORELEASING = YES;
				CLANG_WARN_BOOL_CONVERSION = YES;
				CLANG_WARN_COMMA = YES;
				CLANG_WARN_CONSTANT_CONVERSION = YES;
				CLANG_WARN_DEPRECATED_OBJC_IMPLEMENTATIONS = YES;
				CLANG_WARN_DIRECT_OBJC_ISA_USAGE = YES_ERROR;
				CLANG_WARN_DOCUMENTATION_COMMENTS = YES;
				CLANG_WARN_EMPTY_BODY = YES;
				CLANG_WARN_ENUM_CONVERSION = YES;
				CLANG_WARN_INFINITE_RECURSION = YES;
				CLANG_WARN_INT_CONVERSION = YES;
				CLANG_WARN_NON_LITERAL_NULL_CONVERSION = YES;
				CLANG_WARN_OBJC_IMPLICIT_RETAIN_SELF = YES;
				CLANG_WARN_OBJC_LITERAL_CONVERSION = YES;
				CLANG_WARN_OBJC_ROOT_CLASS = YES_ERROR;
				CLANG_WARN_QUOTED_INCLUDE_IN_FRAMEWORK_HEADER = YES;
				CLANG_WARN_RANGE_LOOP_ANALYSIS = YES;
				CLANG_WARN_STRICT_PROTOTYPES = YES;
				CLANG_WARN_SUSPICIOUS_MOVE = YES;
				CLANG_WARN_UNGUARDED_AVAILABILITY = YES_AGGRESSIVE;
				CLANG_WARN_UNREACHABLE_CODE = YES;
				CLANG_WARN__DUPLICATE_METHOD_MATCH = YES;
				COPY_PHASE_STRIP = NO;
				DEBUG_INFORMATION_FORMAT = "dwarf-with-dsym";
				ENABLE_NS_ASSERTIONS = NO;
				ENABLE_STRICT_OBJC_MSGSEND = YES;
				ENABLE_USER_SCRIPT_SANDBOXING = YES;
				GCC_C_LANGUAGE_STANDARD = gnu17;
				GCC_NO_COMMON_BLOCKS = YES;
				GCC_WARN_64_TO_32_BIT_CONVERSION = YES;
				GCC_WARN_ABOUT_RETURN_TYPE = YES_ERROR;
				GCC_WARN_UNDECLARED_SELECTOR = YES;
				GCC_WARN_UNINITIALIZED_AUTOS = YES_AGGRESSIVE;
				GCC_WARN_UNUSED_FUNCTION = YES;
				GCC_WARN_UNUSED_VARIABLE = YES;
				IPHONEOS_DEPLOYMENT_TARGET = 17.0;
				LOCALIZATION_PREFERS_STRING_CATALOGS = YES;
				MTL_ENABLE_DEBUG_INFO = NO;
				MTL_FAST_MATH = YES;
				SDKROOT = iphoneos;
				SWIFT_COMPILATION_MODE = wholemodule;
				VALIDATE_PRODUCT = YES;
			};
			name = Release;
		};
		AE7FBB5E2B01607A00F238E8 /* Debug */ = {
			isa = XCBuildConfiguration;
			buildSettings = {
				ASSETCATALOG_COMPILER_APPICON_NAME = AppIcon;
				ASSETCATALOG_COMPILER_GLOBAL_ACCENT_COLOR_NAME = AccentColor;
				CODE_SIGN_STYLE = Automatic;
				CURRENT_PROJECT_VERSION = 1;
				DEVELOPMENT_ASSET_PATHS = "\"ThreadsCloneApp/Preview Content\"";
				DEVELOPMENT_TEAM = 5C3SB5DK2F;
				ENABLE_PREVIEWS = YES;
				GENERATE_INFOPLIST_FILE = YES;
				INFOPLIST_KEY_UIApplicationSceneManifest_Generation = YES;
				INFOPLIST_KEY_UIApplicationSupportsIndirectInputEvents = YES;
				INFOPLIST_KEY_UILaunchScreen_Generation = YES;
				INFOPLIST_KEY_UISupportedInterfaceOrientations_iPad = "UIInterfaceOrientationPortrait UIInterfaceOrientationPortraitUpsideDown UIInterfaceOrientationLandscapeLeft UIInterfaceOrientationLandscapeRight";
				INFOPLIST_KEY_UISupportedInterfaceOrientations_iPhone = "UIInterfaceOrientationPortrait UIInterfaceOrientationLandscapeLeft UIInterfaceOrientationLandscapeRight";
				LD_RUNPATH_SEARCH_PATHS = (
					"$(inherited)",
					"@executable_path/Frameworks",
				);
				MARKETING_VERSION = 1.0;
				PRODUCT_BUNDLE_IDENTIFIER = com.hakangul.ThreadsCloneApp;
				PRODUCT_NAME = "$(TARGET_NAME)";
				SWIFT_EMIT_LOC_STRINGS = YES;
				SWIFT_VERSION = 5.0;
				TARGETED_DEVICE_FAMILY = "1,2";
			};
			name = Debug;
		};
		AE7FBB5F2B01607A00F238E8 /* Release */ = {
			isa = XCBuildConfiguration;
			buildSettings = {
				ASSETCATALOG_COMPILER_APPICON_NAME = AppIcon;
				ASSETCATALOG_COMPILER_GLOBAL_ACCENT_COLOR_NAME = AccentColor;
				CODE_SIGN_STYLE = Automatic;
				CURRENT_PROJECT_VERSION = 1;
				DEVELOPMENT_ASSET_PATHS = "\"ThreadsCloneApp/Preview Content\"";
				DEVELOPMENT_TEAM = 5C3SB5DK2F;
				ENABLE_PREVIEWS = YES;
				GENERATE_INFOPLIST_FILE = YES;
				INFOPLIST_KEY_UIApplicationSceneManifest_Generation = YES;
				INFOPLIST_KEY_UIApplicationSupportsIndirectInputEvents = YES;
				INFOPLIST_KEY_UILaunchScreen_Generation = YES;
				INFOPLIST_KEY_UISupportedInterfaceOrientations_iPad = "UIInterfaceOrientationPortrait UIInterfaceOrientationPortraitUpsideDown UIInterfaceOrientationLandscapeLeft UIInterfaceOrientationLandscapeRight";
				INFOPLIST_KEY_UISupportedInterfaceOrientations_iPhone = "UIInterfaceOrientationPortrait UIInterfaceOrientationLandscapeLeft UIInterfaceOrientationLandscapeRight";
				LD_RUNPATH_SEARCH_PATHS = (
					"$(inherited)",
					"@executable_path/Frameworks",
				);
				MARKETING_VERSION = 1.0;
				PRODUCT_BUNDLE_IDENTIFIER = com.hakangul.ThreadsCloneApp;
				PRODUCT_NAME = "$(TARGET_NAME)";
				SWIFT_EMIT_LOC_STRINGS = YES;
				SWIFT_VERSION = 5.0;
				TARGETED_DEVICE_FAMILY = "1,2";
			};
			name = Release;
		};
/* End XCBuildConfiguration section */

/* Begin XCConfigurationList section */
		AE7FBB4A2B01607700F238E8 /* Build configuration list for PBXProject "ThreadsCloneApp" */ = {
			isa = XCConfigurationList;
			buildConfigurations = (
				AE7FBB5B2B01607A00F238E8 /* Debug */,
				AE7FBB5C2B01607A00F238E8 /* Release */,
			);
			defaultConfigurationIsVisible = 0;
			defaultConfigurationName = Release;
		};
		AE7FBB5D2B01607A00F238E8 /* Build configuration list for PBXNativeTarget "ThreadsCloneApp" */ = {
			isa = XCConfigurationList;
			buildConfigurations = (
				AE7FBB5E2B01607A00F238E8 /* Debug */,
				AE7FBB5F2B01607A00F238E8 /* Release */,
			);
			defaultConfigurationIsVisible = 0;
			defaultConfigurationName = Release;
		};
/* End XCConfigurationList section */
	};
	rootObject = AE7FBB472B01607700F238E8 /* Project object */;
}
